
Microsoft Visual Studio Solution File, Format Version 12.00
# Visual Studio 2013
VisualStudioVersion = 12.0.31101.0
MinimumVisualStudioVersion = 10.0.40219.1
Project("{FAE04EC0-301F-11D3-BF4B-00C04F79EFBC}") = "poo_paint", "poo_paint\poo_paint.csproj", "{974B6557-152B-4E35-8A73-4D6E666773DF}"
EndProject
Project("{FAE04EC0-301F-11D3-BF4B-00C04F79EFBC}") = "Teste01Poo", "..\Teste01Poo\Teste01Poo\Teste01Poo.csproj", "{732ED02C-7BB9-4A92-BE98-0E1FCE7458E4}"
EndProject
Global
	GlobalSection(SolutionConfigurationPlatforms) = preSolution
		Debug|Any CPU = Debug|Any CPU
		Release|Any CPU = Release|Any CPU
	EndGlobalSection
	GlobalSection(ProjectConfigurationPlatforms) = postSolution
		{974B6557-152B-4E35-8A73-4D6E666773DF}.Debug|Any CPU.ActiveCfg = Debug|Any CPU
		{974B6557-152B-4E35-8A73-4D6E666773DF}.Debug|Any CPU.Build.0 = Debug|Any CPU
		{974B6557-152B-4E35-8A73-4D6E666773DF}.Release|Any CPU.ActiveCfg = Release|Any CPU
		{974B6557-152B-4E35-8A73-4D6E666773DF}.Release|Any CPU.Build.0 = Release|Any CPU
		{732ED02C-7BB9-4A92-BE98-0E1FCE7458E4}.Debug|Any CPU.ActiveCfg = Debug|Any CPU
		{732ED02C-7BB9-4A92-BE98-0E1FCE7458E4}.Debug|Any CPU.Build.0 = Debug|Any CPU
		{732ED02C-7BB9-4A92-BE98-0E1FCE7458E4}.Release|Any CPU.ActiveCfg = Release|Any CPU
		{732ED02C-7BB9-4A92-BE98-0E1FCE7458E4}.Release|Any CPU.Build.0 = Release|Any CPU
	EndGlobalSection
	GlobalSection(SolutionProperties) = preSolution
		HideSolutionNode = FALSE
	EndGlobalSection
EndGlobal
